{
  "name": "platform-core",
  "lockfileVersion": 3,
  "requires": true,
  "packages": {
    "": {
      "name": "platform-core",
      "workspaces": [
        "packages/*"
      ]
    },
    "node_modules/@platform-core/common": {
      "resolved": "packages/common",
      "link": true
    },
    "node_modules/@platform-core/mobileapp": {
      "resolved": "packages/mobileapp",
      "link": true
    },
    "node_modules/@platform-core/services": {
      "resolved": "packages/services",
      "link": true
    },
    "node_modules/@platform-core/webapp": {
      "resolved": "packages/webapp",
      "link": true
    },
    "node_modules/uuid": {
      "version": "13.0.0",
      "resolved": "https://registry.npmjs.org/uuid/-/uuid-13.0.0.tgz",
      "integrity": "sha512-XQegIaBTVUjSHliKqcnFqYypAd4S+WCYt5NIeRs6w/UAry7z8Y9j5ZwRRL4kzq9U3sD6v+85er9FvkEaBpji2w==",
      "funding": [
        "https://github.com/sponsors/broofa",
        "https://github.com/sponsors/ctavan"
      ],
      "license": "MIT",
      "bin": {
        "uuid": "dist-node/bin/uuid"
      }
    },
    "packages/common": {
      "name": "@platform-core/common",
      "version": "1.0.0"
    },
    "packages/mobileapp": {
      "name": "@platform-core/mobileapp",
      "version": "1.0.0",
      "dependencies": {
        "@platform-core/common": "1.0.0"
      }
    },
    "packages/services": {
      "name": "@platform-core/services",
      "version": "1.0.0",
      "dependencies": {
        "@platform-core/common": "1.0.0"
      }
    },
    "packages/webapp": {
      "name": "@platform-core/webapp",
      "version": "1.0.0",
      "dependencies": {
        "@platform-core/common": "1.0.0",
        "uuid": "^13.0.0"
      }
    }
  }
}
